{
  "version": "5",
  "specifiers": {
    "jsr:@std/assert@^1.0.13": "1.0.13",
    "jsr:@std/internal@^1.0.10": "1.0.10",
    "jsr:@std/testing@*": "1.0.15",
    "npm:@openzeppelin/contracts@^4.9.2": "4.9.6",
    "npm:@polkadot/api-base@15.5.2": "15.5.2",
    "npm:@polkadot/api@15.5.2": "15.5.2_@polkadot+util@13.5.3_@polkadot+util-crypto@13.5.3__@polkadot+util@13.5.3__@polkadot+x-randomvalues@13.5.3___@polkadot+util@13.5.3___@polkadot+wasm-util@7.4.1____@polkadot+util@13.5.3__@polkadot+wasm-util@7.4.1___@polkadot+util@13.5.3",
    "npm:@polkadot/keyring@^13.5.3": "13.5.3_@polkadot+util@13.5.3_@polkadot+util-crypto@13.5.3__@polkadot+util@13.5.3__@polkadot+x-randomvalues@13.5.3___@polkadot+util@13.5.3___@polkadot+wasm-util@7.4.1____@polkadot+util@13.5.3__@polkadot+wasm-util@7.4.1___@polkadot+util@13.5.3",
    "npm:@polkadot/rpc-core@15.5.2": "15.5.2",
    "npm:@polkadot/typegen@15.5.2": "15.5.2_@polkadot+util@13.5.3",
    "npm:@polkadot/types-codec@15.5.2": "15.5.2",
    "npm:@polkadot/types@15.5.2": "15.5.2_@polkadot+util@13.5.3_@polkadot+util-crypto@13.5.3__@polkadot+util@13.5.3__@polkadot+x-randomvalues@13.5.3___@polkadot+util@13.5.3___@polkadot+wasm-util@7.4.1____@polkadot+util@13.5.3__@polkadot+wasm-util@7.4.1___@polkadot+util@13.5.3",
    "npm:@polkadot/util-crypto@^13.3.1": "13.5.3_@polkadot+util@13.5.3_@polkadot+x-randomvalues@13.5.3__@polkadot+util@13.5.3__@polkadot+wasm-util@7.4.1___@polkadot+util@13.5.3_@polkadot+wasm-util@7.4.1__@polkadot+util@13.5.3",
    "npm:@polkadot/util@^13.3.1": "13.5.3",
    "npm:@types/chai-as-promised@^7.1.8": "7.1.8",
    "npm:@types/chai-like@^1.1.3": "1.1.3",
    "npm:@types/chai-subset@^1.3.6": "1.3.6_@types+chai@4.3.20",
    "npm:@types/chai@^4.3.20": "4.3.20",
    "npm:@types/node@^20.8.10": "20.19.7",
    "npm:chai-as-promised@^7.1.1": "7.1.2_chai@4.5.0",
    "npm:chai-like@^1.1.1": "1.1.3_chai@4.5.0",
    "npm:chai-subset@^1.6.0": "1.6.0",
    "npm:chai@^4.5.0": "4.5.0",
    "npm:csv-writer@^1.6.0": "1.6.0",
    "npm:ethers@6.13.5": "6.13.5",
    "npm:solc@~0.8.22": "0.8.30",
    "npm:tsx@4.19.3": "4.19.3"
  },
  "jsr": {
    "@std/assert@1.0.13": {
      "integrity": "ae0d31e41919b12c656c742b22522c32fb26ed0cba32975cb0de2a273cb68b29"
    },
    "@std/internal@1.0.10": {
      "integrity": "e3be62ce42cab0e177c27698e5d9800122f67b766a0bea6ca4867886cbde8cf7"
    },
    "@std/testing@1.0.15": {
      "integrity": "a490169f5ccb0f3ae9c94fbc69d2cd43603f2cffb41713a85f99bbb0e3087cbc",
      "dependencies": [
        "jsr:@std/assert",
        "jsr:@std/internal"
      ]
    }
  },
  "npm": {
    "@adraffy/ens-normalize@1.10.1": {
      "integrity": "sha512-96Z2IP3mYmF1Xg2cDm8f1gWGf/HUVedQ3FMifV4kG/PQ4yEP51xDtRAEfhVNt5f/uzpNkZHwWQuUcu6D6K+Ekw=="
    },
    "@esbuild/aix-ppc64@0.25.6": {
      "integrity": "sha512-ShbM/3XxwuxjFiuVBHA+d3j5dyac0aEVVq1oluIDf71hUw0aRF59dV/efUsIwFnR6m8JNM2FjZOzmaZ8yG61kw==",
      "os": ["aix"],
      "cpu": ["ppc64"]
    },
    "@esbuild/android-arm64@0.25.6": {
      "integrity": "sha512-hd5zdUarsK6strW+3Wxi5qWws+rJhCCbMiC9QZyzoxfk5uHRIE8T287giQxzVpEvCwuJ9Qjg6bEjcRJcgfLqoA==",
      "os": ["android"],
      "cpu": ["arm64"]
    },
    "@esbuild/android-arm@0.25.6": {
      "integrity": "sha512-S8ToEOVfg++AU/bHwdksHNnyLyVM+eMVAOf6yRKFitnwnbwwPNqKr3srzFRe7nzV69RQKb5DgchIX5pt3L53xg==",
      "os": ["android"],
      "cpu": ["arm"]
    },
    "@esbuild/android-x64@0.25.6": {
      "integrity": "sha512-0Z7KpHSr3VBIO9A/1wcT3NTy7EB4oNC4upJ5ye3R7taCc2GUdeynSLArnon5G8scPwaU866d3H4BCrE5xLW25A==",
      "os": ["android"],
      "cpu": ["x64"]
    },
    "@esbuild/darwin-arm64@0.25.6": {
      "integrity": "sha512-FFCssz3XBavjxcFxKsGy2DYK5VSvJqa6y5HXljKzhRZ87LvEi13brPrf/wdyl/BbpbMKJNOr1Sd0jtW4Ge1pAA==",
      "os": ["darwin"],
      "cpu": ["arm64"]
    },
    "@esbuild/darwin-x64@0.25.6": {
      "integrity": "sha512-GfXs5kry/TkGM2vKqK2oyiLFygJRqKVhawu3+DOCk7OxLy/6jYkWXhlHwOoTb0WqGnWGAS7sooxbZowy+pK9Yg==",
      "os": ["darwin"],
      "cpu": ["x64"]
    },
    "@esbuild/freebsd-arm64@0.25.6": {
      "integrity": "sha512-aoLF2c3OvDn2XDTRvn8hN6DRzVVpDlj2B/F66clWd/FHLiHaG3aVZjxQX2DYphA5y/evbdGvC6Us13tvyt4pWg==",
      "os": ["freebsd"],
      "cpu": ["arm64"]
    },
    "@esbuild/freebsd-x64@0.25.6": {
      "integrity": "sha512-2SkqTjTSo2dYi/jzFbU9Plt1vk0+nNg8YC8rOXXea+iA3hfNJWebKYPs3xnOUf9+ZWhKAaxnQNUf2X9LOpeiMQ==",
      "os": ["freebsd"],
      "cpu": ["x64"]
    },
    "@esbuild/linux-arm64@0.25.6": {
      "integrity": "sha512-b967hU0gqKd9Drsh/UuAm21Khpoh6mPBSgz8mKRq4P5mVK8bpA+hQzmm/ZwGVULSNBzKdZPQBRT3+WuVavcWsQ==",
      "os": ["linux"],
      "cpu": ["arm64"]
    },
    "@esbuild/linux-arm@0.25.6": {
      "integrity": "sha512-SZHQlzvqv4Du5PrKE2faN0qlbsaW/3QQfUUc6yO2EjFcA83xnwm91UbEEVx4ApZ9Z5oG8Bxz4qPE+HFwtVcfyw==",
      "os": ["linux"],
      "cpu": ["arm"]
    },
    "@esbuild/linux-ia32@0.25.6": {
      "integrity": "sha512-aHWdQ2AAltRkLPOsKdi3xv0mZ8fUGPdlKEjIEhxCPm5yKEThcUjHpWB1idN74lfXGnZ5SULQSgtr5Qos5B0bPw==",
      "os": ["linux"],
      "cpu": ["ia32"]
    },
    "@esbuild/linux-loong64@0.25.6": {
      "integrity": "sha512-VgKCsHdXRSQ7E1+QXGdRPlQ/e08bN6WMQb27/TMfV+vPjjTImuT9PmLXupRlC90S1JeNNW5lzkAEO/McKeJ2yg==",
      "os": ["linux"],
      "cpu": ["loong64"]
    },
    "@esbuild/linux-mips64el@0.25.6": {
      "integrity": "sha512-WViNlpivRKT9/py3kCmkHnn44GkGXVdXfdc4drNmRl15zVQ2+D2uFwdlGh6IuK5AAnGTo2qPB1Djppj+t78rzw==",
      "os": ["linux"],
      "cpu": ["mips64el"]
    },
    "@esbuild/linux-ppc64@0.25.6": {
      "integrity": "sha512-wyYKZ9NTdmAMb5730I38lBqVu6cKl4ZfYXIs31Baf8aoOtB4xSGi3THmDYt4BTFHk7/EcVixkOV2uZfwU3Q2Jw==",
      "os": ["linux"],
      "cpu": ["ppc64"]
    },
    "@esbuild/linux-riscv64@0.25.6": {
      "integrity": "sha512-KZh7bAGGcrinEj4qzilJ4hqTY3Dg2U82c8bv+e1xqNqZCrCyc+TL9AUEn5WGKDzm3CfC5RODE/qc96OcbIe33w==",
      "os": ["linux"],
      "cpu": ["riscv64"]
    },
    "@esbuild/linux-s390x@0.25.6": {
      "integrity": "sha512-9N1LsTwAuE9oj6lHMyyAM+ucxGiVnEqUdp4v7IaMmrwb06ZTEVCIs3oPPplVsnjPfyjmxwHxHMF8b6vzUVAUGw==",
      "os": ["linux"],
      "cpu": ["s390x"]
    },
    "@esbuild/linux-x64@0.25.6": {
      "integrity": "sha512-A6bJB41b4lKFWRKNrWoP2LHsjVzNiaurf7wyj/XtFNTsnPuxwEBWHLty+ZE0dWBKuSK1fvKgrKaNjBS7qbFKig==",
      "os": ["linux"],
      "cpu": ["x64"]
    },
    "@esbuild/netbsd-arm64@0.25.6": {
      "integrity": "sha512-IjA+DcwoVpjEvyxZddDqBY+uJ2Snc6duLpjmkXm/v4xuS3H+3FkLZlDm9ZsAbF9rsfP3zeA0/ArNDORZgrxR/Q==",
      "os": ["netbsd"],
      "cpu": ["arm64"]
    },
    "@esbuild/netbsd-x64@0.25.6": {
      "integrity": "sha512-dUXuZr5WenIDlMHdMkvDc1FAu4xdWixTCRgP7RQLBOkkGgwuuzaGSYcOpW4jFxzpzL1ejb8yF620UxAqnBrR9g==",
      "os": ["netbsd"],
      "cpu": ["x64"]
    },
    "@esbuild/openbsd-arm64@0.25.6": {
      "integrity": "sha512-l8ZCvXP0tbTJ3iaqdNf3pjaOSd5ex/e6/omLIQCVBLmHTlfXW3zAxQ4fnDmPLOB1x9xrcSi/xtCWFwCZRIaEwg==",
      "os": ["openbsd"],
      "cpu": ["arm64"]
    },
    "@esbuild/openbsd-x64@0.25.6": {
      "integrity": "sha512-hKrmDa0aOFOr71KQ/19JC7az1P0GWtCN1t2ahYAf4O007DHZt/dW8ym5+CUdJhQ/qkZmI1HAF8KkJbEFtCL7gw==",
      "os": ["openbsd"],
      "cpu": ["x64"]
    },
    "@esbuild/openharmony-arm64@0.25.6": {
      "integrity": "sha512-+SqBcAWoB1fYKmpWoQP4pGtx+pUUC//RNYhFdbcSA16617cchuryuhOCRpPsjCblKukAckWsV+aQ3UKT/RMPcA==",
      "os": ["openharmony"],
      "cpu": ["arm64"]
    },
    "@esbuild/sunos-x64@0.25.6": {
      "integrity": "sha512-dyCGxv1/Br7MiSC42qinGL8KkG4kX0pEsdb0+TKhmJZgCUDBGmyo1/ArCjNGiOLiIAgdbWgmWgib4HoCi5t7kA==",
      "os": ["sunos"],
      "cpu": ["x64"]
    },
    "@esbuild/win32-arm64@0.25.6": {
      "integrity": "sha512-42QOgcZeZOvXfsCBJF5Afw73t4veOId//XD3i+/9gSkhSV6Gk3VPlWncctI+JcOyERv85FUo7RxuxGy+z8A43Q==",
      "os": ["win32"],
      "cpu": ["arm64"]
    },
    "@esbuild/win32-ia32@0.25.6": {
      "integrity": "sha512-4AWhgXmDuYN7rJI6ORB+uU9DHLq/erBbuMoAuB4VWJTu5KtCgcKYPynF0YI1VkBNuEfjNlLrFr9KZPJzrtLkrQ==",
      "os": ["win32"],
      "cpu": ["ia32"]
    },
    "@esbuild/win32-x64@0.25.6": {
      "integrity": "sha512-NgJPHHbEpLQgDH2MjQu90pzW/5vvXIZ7KOnPyNBm92A6WgZ/7b6fJyUBjoumLqeOQQGqY2QjQxRo97ah4Sj0cA==",
      "os": ["win32"],
      "cpu": ["x64"]
    },
    "@noble/curves@1.2.0": {
      "integrity": "sha512-oYclrNgRaM9SsBUBVbb8M6DTV7ZHRTKugureoYEncY5c65HOmRzvSiTE3y5CYaPYJA/GVkrhXEoF0M3Ya9PMnw==",
      "dependencies": [
        "@noble/hashes@1.3.2"
      ]
    },
    "@noble/curves@1.9.2": {
      "integrity": "sha512-HxngEd2XUcg9xi20JkwlLCtYwfoFw4JGkuZpT+WlsPD4gB/cxkvTD8fSsoAnphGZhFdZYKeQIPCuFlWPm1uE0g==",
      "dependencies": [
        "@noble/hashes@1.8.0"
      ]
    },
    "@noble/hashes@1.3.2": {
      "integrity": "sha512-MVC8EAQp7MvEcm30KWENFjgR+Mkmf+D189XJTkFIlwohU5hcBbn1ZkKq7KVTi2Hme3PMGF390DaL52beVrIihQ=="
    },
    "@noble/hashes@1.8.0": {
      "integrity": "sha512-jCs9ldd7NwzpgXDIf6P3+NrHh9/sD6CQdxHyjQI+h/6rDNo88ypBxxz45UDuZHz9r3tNz7N/VInSVoVdtXEI4A=="
    },
    "@openzeppelin/contracts@4.9.6": {
      "integrity": "sha512-xSmezSupL+y9VkHZJGDoCBpmnB2ogM13ccaYDWqJTfS3dbuHkgjuwDFUmaFauBCboQMGB/S5UqUl2y54X99BmA=="
    },
    "@polkadot-api/json-rpc-provider-proxy@0.1.0": {
      "integrity": "sha512-8GSFE5+EF73MCuLQm8tjrbCqlgclcHBSRaswvXziJ0ZW7iw3UEMsKkkKvELayWyBuOPa2T5i1nj6gFOeIsqvrg=="
    },
    "@polkadot-api/json-rpc-provider@0.0.1": {
      "integrity": "sha512-/SMC/l7foRjpykLTUTacIH05H3mr9ip8b5xxfwXlVezXrNVLp3Cv0GX6uItkKd+ZjzVPf3PFrDF2B2/HLSNESA=="
    },
    "@polkadot-api/metadata-builders@0.3.2": {
      "integrity": "sha512-TKpfoT6vTb+513KDzMBTfCb/ORdgRnsS3TDFpOhAhZ08ikvK+hjHMt5plPiAX/OWkm1Wc9I3+K6W0hX5Ab7MVg==",
      "dependencies": [
        "@polkadot-api/substrate-bindings",
        "@polkadot-api/utils"
      ]
    },
    "@polkadot-api/observable-client@0.3.2_@polkadot-api+substrate-client@0.1.4_rxjs@7.8.2": {
      "integrity": "sha512-HGgqWgEutVyOBXoGOPp4+IAq6CNdK/3MfQJmhCJb8YaJiaK4W6aRGrdQuQSTPHfERHCARt9BrOmEvTXAT257Ug==",
      "dependencies": [
        "@polkadot-api/metadata-builders",
        "@polkadot-api/substrate-bindings",
        "@polkadot-api/substrate-client",
        "@polkadot-api/utils",
        "rxjs"
      ]
    },
    "@polkadot-api/substrate-bindings@0.6.0": {
      "integrity": "sha512-lGuhE74NA1/PqdN7fKFdE5C1gNYX357j1tWzdlPXI0kQ7h3kN0zfxNOpPUN7dIrPcOFZ6C0tRRVrBylXkI6xPw==",
      "dependencies": [
        "@noble/hashes@1.8.0",
        "@polkadot-api/utils",
        "@scure/base",
        "scale-ts"
      ]
    },
    "@polkadot-api/substrate-client@0.1.4": {
      "integrity": "sha512-MljrPobN0ZWTpn++da9vOvt+Ex+NlqTlr/XT7zi9sqPtDJiQcYl+d29hFAgpaeTqbeQKZwz3WDE9xcEfLE8c5A==",
      "dependencies": [
        "@polkadot-api/json-rpc-provider",
        "@polkadot-api/utils"
      ]
    },
    "@polkadot-api/utils@0.1.0": {
      "integrity": "sha512-MXzWZeuGxKizPx2Xf/47wx9sr/uxKw39bVJUptTJdsaQn/TGq+z310mHzf1RCGvC1diHM8f593KrnDgc9oNbJA=="
    },
    "@polkadot/api-augment@15.5.2": {
      "integrity": "sha512-EuE13KeifPj6PBfR3qMtqCq+Clbly/VX5adh53ljw7XTtHt8MKTlvhTK9pO9WHnixL6hUVH1f/Ekuzt8ROhpAg==",
      "dependencies": [
        "@polkadot/api-base",
        "@polkadot/rpc-augment",
        "@polkadot/types",
        "@polkadot/types-augment@15.5.2",
        "@polkadot/types-codec",
        "@polkadot/util",
        "tslib@2.8.1"
      ]
    },
    "@polkadot/api-base@15.5.2": {
      "integrity": "sha512-e8W2KRwn6pkI/JIOrOCT2RsVil072vxQ95X2HCqu5eMmn5vwyOHB2OaMWezXikMegnCF3XEDeIzSP/VxGWW+zA==",
      "dependencies": [
        "@polkadot/rpc-core",
        "@polkadot/types",
        "@polkadot/util",
        "rxjs",
        "tslib@2.8.1"
      ]
    },
    "@polkadot/api-derive@15.5.2_@polkadot+util@13.5.3_@polkadot+util-crypto@13.5.3__@polkadot+util@13.5.3__@polkadot+x-randomvalues@13.5.3___@polkadot+util@13.5.3___@polkadot+wasm-util@7.4.1____@polkadot+util@13.5.3__@polkadot+wasm-util@7.4.1___@polkadot+util@13.5.3": {
      "integrity": "sha512-eSSPE0O9LE9jsRJIBqrPfHa7vCjE3NR+3ATdwAKBwK9LUfeCEEWud7c53njW8wLMSOiczxcX3JS2J9Rb0q7HCA==",
      "dependencies": [
        "@polkadot/api",
        "@polkadot/api-augment",
        "@polkadot/api-base",
        "@polkadot/rpc-core",
        "@polkadot/types",
        "@polkadot/types-codec",
        "@polkadot/util",
        "@polkadot/util-crypto",
        "rxjs",
        "tslib@2.8.1"
      ]
    },
    "@polkadot/api@15.5.2_@polkadot+util@13.5.3_@polkadot+util-crypto@13.5.3__@polkadot+util@13.5.3__@polkadot+x-randomvalues@13.5.3___@polkadot+util@13.5.3___@polkadot+wasm-util@7.4.1____@polkadot+util@13.5.3__@polkadot+wasm-util@7.4.1___@polkadot+util@13.5.3": {
      "integrity": "sha512-TZPJlnoYr5kAfINooSmbvUcUCQnKDmTdLKNJmMh7CvCOYqQSJjFnMyfxhjM1bBTIcqnP9nFIGkldy19ErZHtcQ==",
      "dependencies": [
        "@polkadot/api-augment",
        "@polkadot/api-base",
        "@polkadot/api-derive",
        "@polkadot/keyring",
        "@polkadot/rpc-augment",
        "@polkadot/rpc-core",
        "@polkadot/rpc-provider",
        "@polkadot/types",
        "@polkadot/types-augment@15.5.2",
        "@polkadot/types-codec",
        "@polkadot/types-create",
        "@polkadot/types-known",
        "@polkadot/util",
        "@polkadot/util-crypto",
        "eventemitter3",
        "rxjs",
        "tslib@2.8.1"
      ]
    },
    "@polkadot/keyring@13.5.3_@polkadot+util@13.5.3_@polkadot+util-crypto@13.5.3__@polkadot+util@13.5.3__@polkadot+x-randomvalues@13.5.3___@polkadot+util@13.5.3___@polkadot+wasm-util@7.4.1____@polkadot+util@13.5.3__@polkadot+wasm-util@7.4.1___@polkadot+util@13.5.3": {
      "integrity": "sha512-b9vxcb29jMHEc9OrWRxOstkOIWjIBsSzF9Zg5EsUeYtfwxzKinDccI5uAbkx0R6x7+IjJ6xeFJGpbX2A2U/nWg==",
      "dependencies": [
        "@polkadot/util",
        "@polkadot/util-crypto",
        "tslib@2.8.1"
      ]
    },
    "@polkadot/networks@13.5.3": {
      "integrity": "sha512-90UbcIYZArg0DcP+6ZRWKy6Xqo0r46WfBuaKvYJIvfObgr5Pm4aPnAagEKehLJAStRdhEOpYozmKT1v3z8dHcw==",
      "dependencies": [
        "@polkadot/util",
        "@substrate/ss58-registry",
        "tslib@2.8.1"
      ]
    },
    "@polkadot/rpc-augment@15.5.2": {
      "integrity": "sha512-eDCcmgrb/csOcav/RRBPFkOdPRvRXVYlksCGlQuzobYkPZfPz5tIKmgenip/5qnviR6gag6tK9ara+8kZ/7tpw==",
      "dependencies": [
        "@polkadot/rpc-core",
        "@polkadot/types",
        "@polkadot/types-codec",
        "@polkadot/util",
        "tslib@2.8.1"
      ]
    },
    "@polkadot/rpc-core@15.5.2": {
      "integrity": "sha512-a4Xq3iEJvRA9gHE+QxMaIEOkgjuZUfW+uI3XLDtPgtxu2yF3hceyRl/K1m6E4AXR383VaxQ45wvDS1odPbmwaw==",
      "dependencies": [
        "@polkadot/rpc-augment",
        "@polkadot/rpc-provider",
        "@polkadot/types",
        "@polkadot/util",
        "rxjs",
        "tslib@2.8.1"
      ]
    },
    "@polkadot/rpc-provider@15.5.2_@polkadot+util@13.5.3_@polkadot+util-crypto@13.5.3__@polkadot+util@13.5.3__@polkadot+x-randomvalues@13.5.3___@polkadot+util@13.5.3___@polkadot+wasm-util@7.4.1____@polkadot+util@13.5.3__@polkadot+wasm-util@7.4.1___@polkadot+util@13.5.3": {
      "integrity": "sha512-LHDG4mY5moFdVyUuEyuF9hMVWgA+DoLeNYZjtOL88gSALpfjhBLt1Hjbm3R6VwvcxeVNTkteVGvCo0AlH123JQ==",
      "dependencies": [
        "@polkadot/keyring",
        "@polkadot/types",
        "@polkadot/types-support",
        "@polkadot/util",
        "@polkadot/util-crypto",
        "@polkadot/x-fetch",
        "@polkadot/x-global",
        "@polkadot/x-ws",
        "eventemitter3",
        "mock-socket",
        "nock",
        "tslib@2.8.1"
      ],
      "optionalDependencies": [
        "@substrate/connect"
      ]
    },
    "@polkadot/typegen@15.5.2_@polkadot+util@13.5.3": {
      "integrity": "sha512-viJyxdonYORmSBfZkBNySZqg7nbnfV5MJZLfPxhjE5psWqLrZGyhjHW1iCLZSyOhKv6h+AClIl8ojQJqEA93OQ==",
      "dependencies": [
        "@polkadot/api",
        "@polkadot/api-augment",
        "@polkadot/rpc-augment",
        "@polkadot/rpc-provider",
        "@polkadot/types",
        "@polkadot/types-augment@15.5.2",
        "@polkadot/types-codec",
        "@polkadot/types-create",
        "@polkadot/types-support",
        "@polkadot/util",
        "@polkadot/util-crypto",
        "@polkadot/x-ws",
        "handlebars",
        "tslib@2.8.1",
        "yargs"
      ],
      "bin": true
    },
    "@polkadot/types-augment@15.5.2": {
      "integrity": "sha512-Za5ifsiu2gSQkOBjwcCtCr5nz+PojsBoptdHKjMm0JHLgilNn0kNqriqRRrCiPkUO1656UXRQNCHpP6Vs8tncg==",
      "dependencies": [
        "@polkadot/types",
        "@polkadot/types-codec",
        "@polkadot/util",
        "tslib@2.8.1"
      ]
    },
    "@polkadot/types-augment@15.5.2_@polkadot+util@13.5.3_@polkadot+util-crypto@13.5.3__@polkadot+util@13.5.3__@polkadot+x-randomvalues@13.5.3___@polkadot+util@13.5.3___@polkadot+wasm-util@7.4.1____@polkadot+util@13.5.3__@polkadot+wasm-util@7.4.1___@polkadot+util@13.5.3": {
      "integrity": "sha512-Za5ifsiu2gSQkOBjwcCtCr5nz+PojsBoptdHKjMm0JHLgilNn0kNqriqRRrCiPkUO1656UXRQNCHpP6Vs8tncg==",
      "dependencies": [
        "@polkadot/types",
        "@polkadot/types-codec",
        "@polkadot/util",
        "tslib@2.8.1"
      ]
    },
    "@polkadot/types-codec@15.5.2": {
      "integrity": "sha512-caQNGQ+QHVZV4hGSolYN9L9pMRZeo9rJzYoybT5LMIxX8QVdW3RM5HDesj1SKGSrgIJmooN4/5JzPjrFZ4C7Vw==",
      "dependencies": [
        "@polkadot/util",
        "@polkadot/x-bigint",
        "tslib@2.8.1"
      ]
    },
    "@polkadot/types-create@15.5.2": {
      "integrity": "sha512-PbrT2mP5x7VTpwCZa/BCl8jl3y/s6UOwrjBL+pq8TErLEbkackn5a3cR4GaH9toeP5qlEaLbSWRFm24YcW8FOg==",
      "dependencies": [
        "@polkadot/types-codec",
        "@polkadot/util",
        "tslib@2.8.1"
      ]
    },
    "@polkadot/types-known@15.5.2": {
      "integrity": "sha512-4yk1DnIeAy4uImFf4yDyRRdgkf5nAagQzPZWO61uxhEA+Q2MxLHLDeLbUwFiLxLLvpM09Xke8rGbem/vPRg9nA==",
      "dependencies": [
        "@polkadot/networks",
        "@polkadot/types",
        "@polkadot/types-codec",
        "@polkadot/types-create",
        "@polkadot/util",
        "tslib@2.8.1"
      ]
    },
    "@polkadot/types-support@15.5.2": {
      "integrity": "sha512-PT3MTSy69euAPtRQ3c2I7vM0OfAIQXU1yIWpYTcEkG+spTn4d0fcYeJjfxvAmcROJlpJoXf10YMsXKwx+gvOig==",
      "dependencies": [
        "@polkadot/util",
        "tslib@2.8.1"
      ]
    },
    "@polkadot/types@15.5.2_@polkadot+util@13.5.3_@polkadot+util-crypto@13.5.3__@polkadot+util@13.5.3__@polkadot+x-randomvalues@13.5.3___@polkadot+util@13.5.3___@polkadot+wasm-util@7.4.1____@polkadot+util@13.5.3__@polkadot+wasm-util@7.4.1___@polkadot+util@13.5.3": {
      "integrity": "sha512-TANrhfovLgbG00ldFvZbOuwyzqibOOMAU9egGqnoFwz4x4vTNTBgNJRvQGF5w4+FhjcEepdxlLU/3yqFM98yzA==",
      "dependencies": [
        "@polkadot/keyring",
        "@polkadot/types-augment@15.5.2_@polkadot+util@13.5.3_@polkadot+util-crypto@13.5.3__@polkadot+util@13.5.3__@polkadot+x-randomvalues@13.5.3___@polkadot+util@13.5.3___@polkadot+wasm-util@7.4.1____@polkadot+util@13.5.3__@polkadot+wasm-util@7.4.1___@polkadot+util@13.5.3",
        "@polkadot/types-codec",
        "@polkadot/types-create",
        "@polkadot/util",
        "@polkadot/util-crypto",
        "rxjs",
        "tslib@2.8.1"
      ]
    },
    "@polkadot/util-crypto@13.5.3_@polkadot+util@13.5.3_@polkadot+x-randomvalues@13.5.3__@polkadot+util@13.5.3__@polkadot+wasm-util@7.4.1___@polkadot+util@13.5.3_@polkadot+wasm-util@7.4.1__@polkadot+util@13.5.3": {
      "integrity": "sha512-/GLv2+DpiyciN7yAwFTjQdFA5JDMVVLUrP5a6YuAVUGQywRnGC1k940d2pFsqdwNvGa2Xcf50DFNxvnfQiyZlQ==",
      "dependencies": [
        "@noble/curves@1.9.2",
        "@noble/hashes@1.8.0",
        "@polkadot/networks",
        "@polkadot/util",
        "@polkadot/wasm-crypto",
        "@polkadot/wasm-util",
        "@polkadot/x-bigint",
        "@polkadot/x-randomvalues",
        "@scure/base",
        "tslib@2.8.1"
      ]
    },
    "@polkadot/util@13.5.3": {
      "integrity": "sha512-dPqXvkzICTNz9vL85RdPyLzTDgB0/KtmROF8DB8taQksWyQp1RH3uU5mHHOmHtb0IJQBA5O/kumaXUfMQNo9Qw==",
      "dependencies": [
        "@polkadot/x-bigint",
        "@polkadot/x-global",
        "@polkadot/x-textdecoder",
        "@polkadot/x-textencoder",
        "@types/bn.js",
        "bn.js",
        "tslib@2.8.1"
      ]
    },
    "@polkadot/wasm-bridge@7.4.1_@polkadot+util@13.5.3_@polkadot+x-randomvalues@13.5.3__@polkadot+util@13.5.3__@polkadot+wasm-util@7.4.1___@polkadot+util@13.5.3_@polkadot+wasm-util@7.4.1__@polkadot+util@13.5.3": {
      "integrity": "sha512-tdkJaV453tezBxhF39r4oeG0A39sPKGDJmN81LYLf+Fihb7astzwju+u75BRmDrHZjZIv00un3razJEWCxze6g==",
      "dependencies": [
        "@polkadot/util",
        "@polkadot/wasm-util",
        "@polkadot/x-randomvalues",
        "tslib@2.8.1"
      ]
    },
    "@polkadot/wasm-crypto-asmjs@7.4.1_@polkadot+util@13.5.3": {
      "integrity": "sha512-pwU8QXhUW7IberyHJIQr37IhbB6DPkCG5FhozCiNTq4vFBsFPjm9q8aZh7oX1QHQaiAZa2m2/VjIVE+FHGbvHQ==",
      "dependencies": [
        "@polkadot/util",
        "tslib@2.8.1"
      ]
    },
    "@polkadot/wasm-crypto-init@7.4.1_@polkadot+util@13.5.3_@polkadot+x-randomvalues@13.5.3__@polkadot+util@13.5.3__@polkadot+wasm-util@7.4.1___@polkadot+util@13.5.3_@polkadot+wasm-util@7.4.1__@polkadot+util@13.5.3": {
      "integrity": "sha512-AVka33+f7MvXEEIGq5U0dhaA2SaXMXnxVCQyhJTaCnJ5bRDj0Xlm3ijwDEQUiaDql7EikbkkRtmlvs95eSUWYQ==",
      "dependencies": [
        "@polkadot/util",
        "@polkadot/wasm-bridge",
        "@polkadot/wasm-crypto-asmjs",
        "@polkadot/wasm-crypto-wasm",
        "@polkadot/wasm-util",
        "@polkadot/x-randomvalues",
        "tslib@2.8.1"
      ]
    },
    "@polkadot/wasm-crypto-wasm@7.4.1_@polkadot+util@13.5.3": {
      "integrity": "sha512-PE1OAoupFR0ZOV2O8tr7D1FEUAwaggzxtfs3Aa5gr+yxlSOaWUKeqsOYe1KdrcjmZVV3iINEAXxgrbzCmiuONg==",
      "dependencies": [
        "@polkadot/util",
        "@polkadot/wasm-util",
        "tslib@2.8.1"
      ]
    },
    "@polkadot/wasm-crypto@7.4.1_@polkadot+util@13.5.3_@polkadot+x-randomvalues@13.5.3__@polkadot+util@13.5.3__@polkadot+wasm-util@7.4.1___@polkadot+util@13.5.3_@polkadot+wasm-util@7.4.1__@polkadot+util@13.5.3": {
      "integrity": "sha512-kHN/kF7hYxm1y0WeFLWeWir6oTzvcFmR4N8fJJokR+ajYbdmrafPN+6iLgQVbhZnDdxyv9jWDuRRsDnBx8tPMQ==",
      "dependencies": [
        "@polkadot/util",
        "@polkadot/wasm-bridge",
        "@polkadot/wasm-crypto-asmjs",
        "@polkadot/wasm-crypto-init",
        "@polkadot/wasm-crypto-wasm",
        "@polkadot/wasm-util",
        "@polkadot/x-randomvalues",
        "tslib@2.8.1"
      ]
    },
    "@polkadot/wasm-util@7.4.1_@polkadot+util@13.5.3": {
      "integrity": "sha512-RAcxNFf3zzpkr+LX/ItAsvj+QyM56TomJ0xjUMo4wKkHjwsxkz4dWJtx5knIgQz/OthqSDMR59VNEycQeNuXzA==",
      "dependencies": [
        "@polkadot/util",
        "tslib@2.8.1"
      ]
    },
    "@polkadot/x-bigint@13.5.3": {
      "integrity": "sha512-o408qh3P+st/3ghTgVd4ATrePqExd7UgWHXPTJ0i74Q7/3iI1cWMNloNQFNDZxnSNIPB/AnFk8sfEWfpfPLucw==",
      "dependencies": [
        "@polkadot/x-global",
        "tslib@2.8.1"
      ]
    },
    "@polkadot/x-fetch@13.5.3": {
      "integrity": "sha512-+AFbo8JthkIEZtseOG8WhogAg0HnkvK4fUrCqn5YB8L7TJrIWxaAmccCarMLYQEAwYT7OKlBMbrMwRllGI9yRg==",
      "dependencies": [
        "@polkadot/x-global",
        "node-fetch",
        "tslib@2.8.1"
      ]
    },
    "@polkadot/x-global@13.5.3": {
      "integrity": "sha512-b8zEhDk6XDIXRGaPXnSxamQ3sVObm0xPRbkxbk2l9QiMB4MO1pOtAm5knQkHpC2Z+tVTy1SrSqUN5iqVnavicQ==",
      "dependencies": [
        "tslib@2.8.1"
      ]
    },
    "@polkadot/x-randomvalues@13.5.3_@polkadot+util@13.5.3_@polkadot+wasm-util@7.4.1__@polkadot+util@13.5.3": {
      "integrity": "sha512-BrKE5Q4dzHWNjwq0PX08uWlJIQOztVCJIYuZiIAj0ic33oLRrQuPojXFWhw/3McjXlVXscFNtsgIXsRli+boiQ==",
      "dependencies": [
        "@polkadot/util",
        "@polkadot/wasm-util",
        "@polkadot/x-global",
        "tslib@2.8.1"
      ]
    },
    "@polkadot/x-textdecoder@13.5.3": {
      "integrity": "sha512-qXQ0qxlKAl7FLCHgeKdHbtLFQgkBGNYp1RXtbUSIWGE1qKwTMTSQkrsXegwSXG3YM1MiJk2qHc7nlyuCK0xWVw==",
      "dependencies": [
        "@polkadot/x-global",
        "tslib@2.8.1"
      ]
    },
    "@polkadot/x-textencoder@13.5.3": {
      "integrity": "sha512-Gb3jW/pMdWd1P0Q+K7NYbeo8ivbeGn+UBkCYYIEcShun8u8XlHMiGBnYE9fFcx9GRAzoViZJ7htL5KaFzLtUkg==",
      "dependencies": [
        "@polkadot/x-global",
        "tslib@2.8.1"
      ]
    },
    "@polkadot/x-ws@13.5.3": {
      "integrity": "sha512-vIi9im6Zeo0eAagPSUF8WhdFBI1oomj4jF1R2jepiKmBVkT5HVn39MK2mix5fNjLESSa2K79iWYzS5VoVi0gxA==",
      "dependencies": [
        "@polkadot/x-global",
        "tslib@2.8.1",
        "ws@8.18.3"
      ]
    },
    "@scure/base@1.2.6": {
      "integrity": "sha512-g/nm5FgUa//MCj1gV09zTJTaM6KBAHqLN907YVQqf7zC49+DcO4B1so4ZX07Ef10Twr6nuqYEH9GEggFXA4Fmg=="
    },
    "@substrate/connect-extension-protocol@2.2.2": {
      "integrity": "sha512-t66jwrXA0s5Goq82ZtjagLNd7DPGCNjHeehRlE/gcJmJ+G56C0W+2plqOMRicJ8XGR1/YFnUSEqUFiSNbjGrAA=="
    },
    "@substrate/connect-known-chains@1.10.3": {
      "integrity": "sha512-OJEZO1Pagtb6bNE3wCikc2wrmvEU5x7GxFFLqqbz1AJYYxSlrPCGu4N2og5YTExo4IcloNMQYFRkBGue0BKZ4w=="
    },
    "@substrate/connect@0.8.11_smoldot@2.0.26": {
      "integrity": "sha512-ofLs1PAO9AtDdPbdyTYj217Pe+lBfTLltdHDs3ds8no0BseoLeAGxpz1mHfi7zB4IxI3YyAiLjH6U8cw4pj4Nw==",
      "dependencies": [
        "@substrate/connect-extension-protocol",
        "@substrate/connect-known-chains",
        "@substrate/light-client-extension-helpers",
        "smoldot"
      ],
      "deprecated": true
    },
    "@substrate/light-client-extension-helpers@1.0.0_smoldot@2.0.26_@polkadot-api+substrate-client@0.1.4_rxjs@7.8.2": {
      "integrity": "sha512-TdKlni1mBBZptOaeVrKnusMg/UBpWUORNDv5fdCaJklP4RJiFOzBCrzC+CyVI5kQzsXBisZ+2pXm+rIjS38kHg==",
      "dependencies": [
        "@polkadot-api/json-rpc-provider",
        "@polkadot-api/json-rpc-provider-proxy",
        "@polkadot-api/observable-client",
        "@polkadot-api/substrate-client",
        "@substrate/connect-extension-protocol",
        "@substrate/connect-known-chains",
        "rxjs",
        "smoldot"
      ]
    },
    "@substrate/ss58-registry@1.51.0": {
      "integrity": "sha512-TWDurLiPxndFgKjVavCniytBIw+t4ViOi7TYp9h/D0NMmkEc9klFTo+827eyEJ0lELpqO207Ey7uGxUa+BS1jQ=="
    },
    "@types/bn.js@5.2.0": {
      "integrity": "sha512-DLbJ1BPqxvQhIGbeu8VbUC1DiAiahHtAYvA0ZEAa4P31F7IaArc8z3C3BRQdWX4mtLQuABG4yzp76ZrS02Ui1Q==",
      "dependencies": [
        "@types/node@22.15.15"
      ]
    },
    "@types/chai-as-promised@7.1.8": {
      "integrity": "sha512-ThlRVIJhr69FLlh6IctTXFkmhtP3NpMZ2QGq69StYLyKZFp/HOp1VdKZj7RvfNWYYcJ1xlbLGLLWj1UvP5u/Gw==",
      "dependencies": [
        "@types/chai"
      ]
    },
    "@types/chai-like@1.1.3": {
      "integrity": "sha512-AEGBQz8wcPhvytKR5EP3HiQrmUeg6HP/ZgNnGWnLaQA4fyZ7kDS1/wbSBLN4CBTMobK4wM2SpksVWzTXWQ8r3w==",
      "dependencies": [
        "@types/chai"
      ]
    },
    "@types/chai-subset@1.3.6_@types+chai@4.3.20": {
      "integrity": "sha512-m8lERkkQj+uek18hXOZuec3W/fCRTrU4hrnXjH3qhHy96ytuPaPiWGgu7sJb7tZxZonO75vYAjCvpe/e4VUwRw==",
      "dependencies": [
        "@types/chai"
      ]
    },
    "@types/chai@4.3.20": {
      "integrity": "sha512-/pC9HAB5I/xMlc5FP77qjCnI16ChlJfW0tGa0IUcFn38VJrTV6DeZ60NU5KZBtaOZqjdpwTWohz5HU1RrhiYxQ=="
    },
    "@types/node@20.19.7": {
      "integrity": "sha512-1GM9z6BJOv86qkPvzh2i6VW5+VVrXxCLknfmTkWEqz+6DqosiY28XUWCTmBcJ0ACzKqx/iwdIREfo1fwExIlkA==",
      "dependencies": [
        "undici-types@6.21.0"
      ]
    },
    "@types/node@22.15.15": {
      "integrity": "sha512-R5muMcZob3/Jjchn5LcO8jdKwSCbzqmPB6ruBxMcf9kbxtniZHP327s6C37iOfuw8mbKK3cAQa7sEl7afLrQ8A==",
      "dependencies": [
        "undici-types@6.21.0"
      ]
    },
    "@types/node@22.7.5": {
      "integrity": "sha512-jML7s2NAzMWc//QSJ1a3prpk78cOPchGvXJsC3C6R6PSMoooztvRVQEz89gmBTBY1SPMaqo5teB4uNHPdetShQ==",
      "dependencies": [
        "undici-types@6.19.8"
      ]
    },
    "aes-js@4.0.0-beta.5": {
      "integrity": "sha512-G965FqalsNyrPqgEGON7nIx1e/OVENSgiEIzyC63haUMuvNnwIgIjMs52hlTCKhkBny7A2ORNlfY9Zu+jmGk1Q=="
    },
    "ansi-regex@5.0.1": {
      "integrity": "sha512-quJQXlTSUGL2LH9SUXo8VwsY4soanhgo6LNSm84E1LBcE8s3O0wpdiRzyR9z/ZZJMlMWv37qOOb9pdJlMUEKFQ=="
    },
    "ansi-styles@4.3.0": {
      "integrity": "sha512-zbB9rCJAT1rbjiVDb2hqKFHNYLxgtk8NURxZ3IZwD3F6NtxbXZQCnnSi1Lkx+IDohdPlFp222wVALIheZJQSEg==",
      "dependencies": [
        "color-convert"
      ]
    },
    "assertion-error@1.1.0": {
      "integrity": "sha512-jgsaNduz+ndvGyFt3uSuWqvy4lCnIJiovtouQN5JZHOKCS2QuhEdbcQHFhVksz2N2U9hXJo8odG7ETyWlEeuDw=="
    },
    "bn.js@5.2.2": {
      "integrity": "sha512-v2YAxEmKaBLahNwE1mjp4WON6huMNeuDvagFZW+ASCuA/ku0bXR9hSMw0XpiqMoA3+rmnyck/tPRSFQkoC9Cuw=="
    },
    "chai-as-promised@7.1.2_chai@4.5.0": {
      "integrity": "sha512-aBDHZxRzYnUYuIAIPBH2s511DjlKPzXNlXSGFC8CwmroWQLfrW0LtE1nK3MAwwNhJPa9raEjNCmRoFpG0Hurdw==",
      "dependencies": [
        "chai",
        "check-error"
      ]
    },
    "chai-like@1.1.3_chai@4.5.0": {
      "integrity": "sha512-JGsxE2PBhXeXxfzkAobp8KcyVdXHa96/I/4oJf6GKtQccTugVaVD68TvPDiCUo+hBC2meR68riSeABHkn+Hyug==",
      "dependencies": [
        "chai"
      ]
    },
    "chai-subset@1.6.0": {
      "integrity": "sha512-K3d+KmqdS5XKW5DWPd5sgNffL3uxdDe+6GdnJh3AYPhwnBGRY5urfvfcbRtWIvvpz+KxkL9FeBB6MZewLUNwug==",
      "deprecated": true
    },
    "chai@4.5.0": {
      "integrity": "sha512-RITGBfijLkBddZvnn8jdqoTypxvqbOLYQkGGxXzeFjVHvudaPw0HNFD9x928/eUwYWd2dPCugVqspGALTZZQKw==",
      "dependencies": [
        "assertion-error",
        "check-error",
        "deep-eql",
        "get-func-name",
        "loupe",
        "pathval",
        "type-detect"
      ]
    },
    "check-error@1.0.3": {
      "integrity": "sha512-iKEoDYaRmd1mxM90a2OEfWhjsjPpYPuQ+lMYsoxB126+t8fw7ySEO48nmDg5COTjxDI65/Y2OWpeEHk3ZOe8zg==",
      "dependencies": [
        "get-func-name"
      ]
    },
    "cliui@8.0.1": {
      "integrity": "sha512-BSeNnyus75C4//NQ9gQt1/csTXyo/8Sb+afLAkzAptFuMsod9HFokGNudZpi/oQV73hnVK+sR+5PVRMd+Dr7YQ==",
      "dependencies": [
        "string-width",
        "strip-ansi",
        "wrap-ansi"
      ]
    },
    "color-convert@2.0.1": {
      "integrity": "sha512-RRECPsj7iu/xb5oKYcsFHSppFNnsj/52OVTRKb4zP5onXwVF3zVmmToNcOfGC+CRDpfK/U584fMg38ZHCaElKQ==",
      "dependencies": [
        "color-name"
      ]
    },
    "color-name@1.1.4": {
      "integrity": "sha512-dOy+3AuW3a2wNbZHIuMZpTcgjGuLU/uBL/ubcZF9OXbDo8ff4O8yVp5Bf0efS8uEoYo5q4Fx7dY9OgQGXgAsQA=="
    },
    "command-exists@1.2.9": {
      "integrity": "sha512-LTQ/SGc+s0Xc0Fu5WaKnR0YiygZkm9eKFvyS+fRsU7/ZWFF8ykFM6Pc9aCVf1+xasOOZpO3BAVgVrKvsqKHV7w=="
    },
    "commander@8.3.0": {
      "integrity": "sha512-OkTL9umf+He2DZkUq8f8J9of7yL6RJKI24dVITBmNfZBmri9zYZQrKkuXiKhyfPSu8tUhnVBB1iKXevvnlR4Ww=="
    },
    "csv-writer@1.6.0": {
      "integrity": "sha512-NOx7YDFWEsM/fTRAJjRpPp8t+MKRVvniAg9wQlUKx20MFrPs73WLJhFf5iteqrxNYnsy924K3Iroh3yNHeYd2g=="
    },
    "data-uri-to-buffer@4.0.1": {
      "integrity": "sha512-0R9ikRb668HB7QDxT1vkpuUBtqc53YyAwMwGeUFKRojY/NWKvdZ+9UYtRfGmhqNbRkTSVpMbmyhXipFFv2cb/A=="
    },
    "debug@4.4.1": {
      "integrity": "sha512-KcKCqiftBJcZr++7ykoDIEwSa3XWowTfNPo92BYxjXiyYEVrUQh2aLyhxBCwww+heortUFxEJYcRzosstTEBYQ==",
      "dependencies": [
        "ms"
      ]
    },
    "deep-eql@4.1.4": {
      "integrity": "sha512-SUwdGfqdKOwxCPeVYjwSyRpJ7Z+fhpwIAtmCUdZIWZ/YP5R9WAsyuSgpLVDi9bjWoN2LXHNss/dk3urXtdQxGg==",
      "dependencies": [
        "type-detect"
      ]
    },
    "emoji-regex@8.0.0": {
      "integrity": "sha512-MSjYzcWNOA0ewAHpz0MxpYFvwg6yjy1NG3xteoqz644VCo/RPgnr1/GGt+ic3iJTzQ8Eu3TdM14SawnVUmGE6A=="
    },
    "esbuild@0.25.6": {
      "integrity": "sha512-GVuzuUwtdsghE3ocJ9Bs8PNoF13HNQ5TXbEi2AhvVb8xU1Iwt9Fos9FEamfoee+u/TOsn7GUWc04lz46n2bbTg==",
      "optionalDependencies": [
        "@esbuild/aix-ppc64",
        "@esbuild/android-arm",
        "@esbuild/android-arm64",
        "@esbuild/android-x64",
        "@esbuild/darwin-arm64",
        "@esbuild/darwin-x64",
        "@esbuild/freebsd-arm64",
        "@esbuild/freebsd-x64",
        "@esbuild/linux-arm",
        "@esbuild/linux-arm64",
        "@esbuild/linux-ia32",
        "@esbuild/linux-loong64",
        "@esbuild/linux-mips64el",
        "@esbuild/linux-ppc64",
        "@esbuild/linux-riscv64",
        "@esbuild/linux-s390x",
        "@esbuild/linux-x64",
        "@esbuild/netbsd-arm64",
        "@esbuild/netbsd-x64",
        "@esbuild/openbsd-arm64",
        "@esbuild/openbsd-x64",
        "@esbuild/openharmony-arm64",
        "@esbuild/sunos-x64",
        "@esbuild/win32-arm64",
        "@esbuild/win32-ia32",
        "@esbuild/win32-x64"
      ],
      "scripts": true,
      "bin": true
    },
    "escalade@3.2.0": {
      "integrity": "sha512-WUj2qlxaQtO4g6Pq5c29GTcWGDyd8itL8zTlipgECz3JesAiiOKotd8JU6otB3PACgG6xkJUyVhboMS+bje/jA=="
    },
    "ethers@6.13.5": {
      "integrity": "sha512-+knKNieu5EKRThQJWwqaJ10a6HE9sSehGeqWN65//wE7j47ZpFhKAnHB/JJFibwwg61I/koxaPsXbXpD/skNOQ==",
      "dependencies": [
        "@adraffy/ens-normalize",
        "@noble/curves@1.2.0",
        "@noble/hashes@1.3.2",
        "@types/node@22.7.5",
        "aes-js",
        "tslib@2.7.0",
        "ws@8.17.1"
      ]
    },
    "eventemitter3@5.0.1": {
      "integrity": "sha512-GWkBvjiSZK87ELrYOSESUYeVIc9mvLLf/nXalMOS5dYrgZq9o5OVkbZAVM06CVxYsCwH9BDZFPlQTlPA1j4ahA=="
    },
    "fetch-blob@3.2.0": {
      "integrity": "sha512-7yAQpD2UMJzLi1Dqv7qFYnPbaPx7ZfFK6PiIxQ4PfkGPyNyl2Ugx+a/umUonmKqjhM4DnfbMvdX6otXq83soQQ==",
      "dependencies": [
        "node-domexception",
        "web-streams-polyfill"
      ]
    },
    "follow-redirects@1.15.9": {
      "integrity": "sha512-gew4GsXizNgdoRyqmyfMHyAmXsZDk6mHkSxZFCzW9gwlbtOW44CDtYavM+y+72qD/Vq2l550kMF52DT8fOLJqQ=="
    },
    "formdata-polyfill@4.0.10": {
      "integrity": "sha512-buewHzMvYL29jdeQTVILecSaZKnt/RJWjoZCF5OW60Z67/GmSLBkOFM7qh1PI3zFNtJbaZL5eQu1vLfazOwj4g==",
      "dependencies": [
        "fetch-blob"
      ]
    },
    "fsevents@2.3.3": {
      "integrity": "sha512-5xoDfX+fL7faATnagmWPpbFtwh/R77WmMMqqHGS65C3vvB0YHrgF+B1YmZ3441tMj5n63k0212XNoJwzlhffQw==",
      "os": ["darwin"],
      "scripts": true
    },
    "get-caller-file@2.0.5": {
      "integrity": "sha512-DyFP3BM/3YHTQOCUL/w0OZHR0lpKeGrxotcHWcqNEdnltqFwXVfhEBQ94eIo34AfQpo0rGki4cyIiftY06h2Fg=="
    },
    "get-func-name@2.0.2": {
      "integrity": "sha512-8vXOvuE167CtIc3OyItco7N/dpRtBbYOsPsXCz7X/PMnlGjYjSGuZJgM1Y7mmew7BKf9BqvLX2tnOVy1BBUsxQ=="
    },
    "get-tsconfig@4.10.1": {
      "integrity": "sha512-auHyJ4AgMz7vgS8Hp3N6HXSmlMdUyhSUrfBF16w153rxtLIEOE+HGqaBppczZvnHLqQJfiHotCYpNhl0lUROFQ==",
      "dependencies": [
        "resolve-pkg-maps"
      ]
    },
    "handlebars@4.7.8": {
      "integrity": "sha512-vafaFqs8MZkRrSX7sFVUdo3ap/eNiLnb4IakshzvP56X5Nr1iGKAIqdX6tMlm6HcNRIkr6AxO5jFEoJzzpT8aQ==",
      "dependencies": [
        "minimist",
        "neo-async",
        "source-map",
        "wordwrap"
      ],
      "optionalDependencies": [
        "uglify-js"
      ],
      "bin": true
    },
    "is-fullwidth-code-point@3.0.0": {
      "integrity": "sha512-zymm5+u+sCsSWyD9qNaejV3DFvhCKclKdizYaJUuHA83RLjb7nSuGnddCHGv0hk+KY7BMAlsWeK4Ueg6EV6XQg=="
    },
    "js-sha3@0.8.0": {
      "integrity": "sha512-gF1cRrHhIzNfToc802P800N8PpXS+evLLXfsVpowqmAFR9uwbi89WvXg2QspOmXL8QL86J4T1EpFu+yUkwJY3Q=="
    },
    "json-stringify-safe@5.0.1": {
      "integrity": "sha512-ZClg6AaYvamvYEE82d3Iyd3vSSIjQ+odgjaTzRuO3s7toCdFKczob2i0zCh7JE8kWn17yvAWhUVxvqGwUalsRA=="
    },
    "loupe@2.3.7": {
      "integrity": "sha512-zSMINGVYkdpYSOBmLi0D1Uo7JU9nVdQKrHxC8eYlV+9YKK9WePqAlL7lSlorG/U2Fw1w0hTBmaa/jrQ3UbPHtA==",
      "dependencies": [
        "get-func-name"
      ]
    },
    "memorystream@0.3.1": {
      "integrity": "sha512-S3UwM3yj5mtUSEfP41UZmt/0SCoVYUcU1rkXv+BQ5Ig8ndL4sPoJNBUJERafdPb5jjHJGuMgytgKvKIf58XNBw=="
    },
    "minimist@1.2.8": {
      "integrity": "sha512-2yyAR8qBkN3YuheJanUpWC5U3bb5osDywNB8RzDVlDwDHbocAJveqqj1u8+SVD7jkWT4yvsHCpWqqWqAxb0zCA=="
    },
    "mock-socket@9.3.1": {
      "integrity": "sha512-qxBgB7Qa2sEQgHFjj0dSigq7fX4k6Saisd5Nelwp2q8mlbAFh5dHV9JTTlF8viYJLSSWgMCZFUom8PJcMNBoJw=="
    },
    "ms@2.1.3": {
      "integrity": "sha512-6FlzubTLZG3J2a/NVCAleEhjzq5oxgHyaCU9yYXvcLsvoVaHJq/s5xXI6/XXP6tz7R9xAOtHnSO/tXtF3WRTlA=="
    },
    "neo-async@2.6.2": {
      "integrity": "sha512-Yd3UES5mWCSqR+qNT93S3UoYUkqAZ9lLg8a7g9rimsWmYGK8cVToA4/sF3RrshdyV3sAGMXVUmpMYOw+dLpOuw=="
    },
    "nock@13.5.6": {
      "integrity": "sha512-o2zOYiCpzRqSzPj0Zt/dQ/DqZeYoaQ7TUonc/xUPjCGl9WeHpNbxgVvOquXYAaJzI0M9BXV3HTzG0p8IUAbBTQ==",
      "dependencies": [
        "debug",
        "json-stringify-safe",
        "propagate"
      ]
    },
    "node-domexception@1.0.0": {
      "integrity": "sha512-/jKZoMpw0F8GRwl4/eLROPA3cfcXtLApP0QzLmUT/HuPCZWyB7IY9ZrMeKw2O/nFIqPQB3PVM9aYm0F312AXDQ==",
      "deprecated": true
    },
    "node-fetch@3.3.2": {
      "integrity": "sha512-dRB78srN/l6gqWulah9SrxeYnxeddIG30+GOqK/9OlLVyLg3HPnr6SqOWTWOXKRwC2eGYCkZ59NNuSgvSrpgOA==",
      "dependencies": [
        "data-uri-to-buffer",
        "fetch-blob",
        "formdata-polyfill"
      ]
    },
    "os-tmpdir@1.0.2": {
      "integrity": "sha512-D2FR03Vir7FIu45XBY20mTb+/ZSWB00sjU9jdQXt83gDrI4Ztz5Fs7/yy74g2N5SVQY4xY1qDr4rNddwYRVX0g=="
    },
    "pathval@1.1.1": {
      "integrity": "sha512-Dp6zGqpTdETdR63lehJYPeIOqpiNBNtc7BpWSLrOje7UaIsE5aY92r/AunQA7rsXvet3lrJ3JnZX29UPTKXyKQ=="
    },
    "propagate@2.0.1": {
      "integrity": "sha512-vGrhOavPSTz4QVNuBNdcNXePNdNMaO1xj9yBeH1ScQPjk/rhg9sSlCXPhMkFuaNNW/syTvYqsnbIJxMBfRbbag=="
    },
    "require-directory@2.1.1": {
      "integrity": "sha512-fGxEI7+wsG9xrvdjsrlmL22OMTTiHRwAMroiEeMgq8gzoLC/PQr7RsRDSTLUg/bZAZtF+TVIkHc6/4RIKrui+Q=="
    },
    "resolve-pkg-maps@1.0.0": {
      "integrity": "sha512-seS2Tj26TBVOC2NIc2rOe2y2ZO7efxITtLZcGSOnHHNOQ7CkiUBfw0Iw2ck6xkIhPwLhKNLS8BO+hEpngQlqzw=="
    },
    "rxjs@7.8.2": {
      "integrity": "sha512-dhKf903U/PQZY6boNNtAGdWbG85WAbjT/1xYoZIC7FAY0yWapOBQVsVrDl58W86//e1VpMNBtRV4MaXfdMySFA==",
      "dependencies": [
        "tslib@2.8.1"
      ]
    },
    "scale-ts@1.6.1": {
      "integrity": "sha512-PBMc2AWc6wSEqJYBDPcyCLUj9/tMKnLX70jLOSndMtcUoLQucP/DM0vnQo1wJAYjTrQiq8iG9rD0q6wFzgjH7g=="
    },
    "semver@5.7.2": {
      "integrity": "sha512-cBznnQ9KjJqU67B52RMC65CMarK2600WFnbkcaiwWq3xy/5haFJlshgnpjovMVJ+Hff49d8GEn0b87C5pDQ10g==",
      "bin": true
    },
    "smoldot@2.0.26": {
      "integrity": "sha512-F+qYmH4z2s2FK+CxGj8moYcd1ekSIKH8ywkdqlOz88Dat35iB1DIYL11aILN46YSGMzQW/lbJNS307zBSDN5Ig==",
      "dependencies": [
        "ws@8.18.3"
      ]
    },
    "solc@0.8.30": {
      "integrity": "sha512-9Srk/gndtBmoUbg4CE6ypAzPQlElv8ntbnl6SigUBAzgXKn35v87sj04uZeoZWjtDkdzT0qKFcIo/wl63UMxdw==",
      "dependencies": [
        "command-exists",
        "commander",
        "follow-redirects",
        "js-sha3",
        "memorystream",
        "semver",
        "tmp"
      ],
      "bin": true
    },
    "source-map@0.6.1": {
      "integrity": "sha512-UjgapumWlbMhkBgzT7Ykc5YXUT46F0iKu8SGXq0bcwP5dz/h0Plj6enJqjz1Zbq2l5WaqYnrVbwWOWMyF3F47g=="
    },
    "string-width@4.2.3": {
      "integrity": "sha512-wKyQRQpjJ0sIp62ErSZdGsjMJWsap5oRNihHhu6G7JVO/9jIB6UyevL+tXuOqrng8j/cxKTWyWUwvSTriiZz/g==",
      "dependencies": [
        "emoji-regex",
        "is-fullwidth-code-point",
        "strip-ansi"
      ]
    },
    "strip-ansi@6.0.1": {
      "integrity": "sha512-Y38VPSHcqkFrCpFnQ9vuSXmquuv5oXOKpGeT6aGrr3o3Gc9AlVa6JBfUSOCnbxGGZF+/0ooI7KrPuUSztUdU5A==",
      "dependencies": [
        "ansi-regex"
      ]
    },
    "tmp@0.0.33": {
      "integrity": "sha512-jRCJlojKnZ3addtTOjdIqoRuPEKBvNXcGYqzO6zWZX8KfKEpnGY5jfggJQ3EjKuu8D4bJRr0y+cYJFmYbImXGw==",
      "dependencies": [
        "os-tmpdir"
      ]
    },
    "tslib@2.7.0": {
      "integrity": "sha512-gLXCKdN1/j47AiHiOkJN69hJmcbGTHI0ImLmbYLHykhgeN0jVGola9yVjFgzCUklsZQMW55o+dW7IXv3RCXDzA=="
    },
    "tslib@2.8.1": {
      "integrity": "sha512-oJFu94HQb+KVduSUQL7wnpmqnfmLsOA/nAh6b6EH0wCEoK0/mPeXU6c3wKDV83MkOuHPRHtSXKKU99IBazS/2w=="
    },
    "tsx@4.19.3": {
      "integrity": "sha512-4H8vUNGNjQ4V2EOoGw005+c+dGuPSnhpPBPHBtsZdGZBk/iJb4kguGlPWaZTZ3q5nMtFOEsY0nRDlh9PJyd6SQ==",
      "dependencies": [
        "esbuild",
        "get-tsconfig"
      ],
      "optionalDependencies": [
        "fsevents"
      ],
      "bin": true
    },
    "type-detect@4.1.0": {
      "integrity": "sha512-Acylog8/luQ8L7il+geoSxhEkazvkslg7PSNKOX59mbB9cOveP5aq9h74Y7YU8yDpJwetzQQrfIwtf4Wp4LKcw=="
    },
    "uglify-js@3.19.3": {
      "integrity": "sha512-v3Xu+yuwBXisp6QYTcH4UbH+xYJXqnq2m/LtQVWKWzYc1iehYnLixoQDN9FH6/j9/oybfd6W9Ghwkl8+UMKTKQ==",
      "bin": true
    },
    "undici-types@6.19.8": {
      "integrity": "sha512-ve2KP6f/JnbPBFyobGHuerC9g1FYGn/F8n1LWTwNxCEzd6IfqTwUQcNXgEtmmQ6DlRrC1hrSrBnCZPokRrDHjw=="
    },
    "undici-types@6.21.0": {
      "integrity": "sha512-iwDZqg0QAGrg9Rav5H4n0M64c3mkR59cJ6wQp+7C4nI0gsmExaedaYLNO44eT4AtBBwjbTiGPMlt2Md0T9H9JQ=="
    },
    "web-streams-polyfill@3.3.3": {
      "integrity": "sha512-d2JWLCivmZYTSIoge9MsgFCZrt571BikcWGYkjC1khllbTeDlGqZ2D8vD8E/lJa8WGWbb7Plm8/XJYV7IJHZZw=="
    },
    "wordwrap@1.0.0": {
      "integrity": "sha512-gvVzJFlPycKc5dZN4yPkP8w7Dc37BtP1yczEneOb4uq34pXZcvrtRTmWV8W+Ume+XCxKgbjM+nevkyFPMybd4Q=="
    },
    "wrap-ansi@7.0.0": {
      "integrity": "sha512-YVGIj2kamLSTxw6NsZjoBxfSwsn0ycdesmc4p+Q21c5zPuZ1pl+NfxVdxPtdHvmNVOQ6XSYG4AUtyt/Fi7D16Q==",
      "dependencies": [
        "ansi-styles",
        "string-width",
        "strip-ansi"
      ]
    },
    "ws@8.17.1": {
      "integrity": "sha512-6XQFvXTkbfUOZOKKILFG1PDK2NDQs4azKQl26T0YS5CxqWLgXajbPZ+h4gZekJyRqFU8pvnbAbbs/3TgRPy+GQ=="
    },
    "ws@8.18.3": {
      "integrity": "sha512-PEIGCY5tSlUt50cqyMXfCzX+oOPqN0vuGqWzbcJ2xvnkzkq46oOpz7dQaTDBdfICb4N14+GARUDw2XV2N4tvzg=="
    },
    "y18n@5.0.8": {
      "integrity": "sha512-0pfFzegeDWJHJIAmTLRP2DwHjdF5s7jo9tuztdQxAhINCdvS+3nGINqPd00AphqJR/0LhANUS6/+7SCb98YOfA=="
    },
    "yargs-parser@21.1.1": {
      "integrity": "sha512-tVpsJW7DdjecAiFpbIB1e3qxIQsE6NoPc5/eTdrbbIC4h0LVsWhnoa3g+m2HclBIujHzsxZ4VJVA+GUuc2/LBw=="
    },
    "yargs@17.7.2": {
      "integrity": "sha512-7dSzzRQ++CKnNI/krKnYRV7JKKPUXMEh61soaHKg9mrWEhzFWhFnxPxGl+69cD1Ou63C13NUPCnmIcrvqCuM6w==",
      "dependencies": [
        "cliui",
        "escalade",
        "get-caller-file",
        "require-directory",
        "string-width",
        "y18n",
        "yargs-parser"
      ]
    }
  },
  "workspace": {
    "packageJson": {
      "dependencies": [
        "npm:@openzeppelin/contracts@^4.9.2",
        "npm:@polkadot/api-base@15.5.2",
        "npm:@polkadot/keyring@^13.5.3",
        "npm:@polkadot/rpc-core@15.5.2",
        "npm:@polkadot/types-codec@15.5.2",
        "npm:@polkadot/types@15.5.2",
        "npm:@types/chai-as-promised@^7.1.8",
        "npm:@types/chai-like@^1.1.3",
        "npm:@types/chai-subset@^1.3.6",
        "npm:@types/chai@^4.3.20",
        "npm:@types/node@^20.8.10",
        "npm:@typescript-eslint/eslint-plugin@8.27.0",
        "npm:@typescript-eslint/parser@8.27.0",
        "npm:chai-as-promised@^7.1.1",
        "npm:chai-like@^1.1.1",
        "npm:chai-subset@^1.6.0",
        "npm:chai@^4.5.0",
        "npm:csv-writer@^1.6.0",
        "npm:eslint-plugin-mocha@^10.2.0",
        "npm:eslint@^8.53.0",
        "npm:ethers@6.13.5",
        "npm:solc@~0.8.22",
        "npm:tsx@4.19.3",
        "npm:typescript@5.8.3"
      ]
    },
    "members": {
      "playgrounds": {
        "packageJson": {
          "dependencies": [
            "npm:@polkadot/api@15.5.2",
            "npm:@polkadot/util-crypto@^13.3.1",
            "npm:@polkadot/util@^13.3.1"
          ]
        }
      },
      "scripts": {
        "packageJson": {
          "dependencies": [
            "npm:tsx@4.19.3"
          ]
        }
      },
      "test-utils": {
        "packageJson": {
          "dependencies": [
            "npm:@polkadot/api@15.5.2",
            "npm:@polkadot/util-crypto@^13.3.1",
            "npm:@polkadot/util@^13.3.1"
          ]
        }
      },
      "types": {
        "packageJson": {
          "dependencies": [
            "npm:@polkadot/typegen@15.5.2"
          ]
        }
      }
    }
  }
}
